{
  "nodes": {
    "nixpkgs": {
      "locked": {
        "lastModified": 1656250965,
        "narHash": "sha256-2IlNf6jxEJiuCrGymqLOLjxk2SIj4HhVIwEb0kvcs24=",
        "owner": "NixOS",
        "repo": "nixpkgs",
        "rev": "9a17f325397d137ac4d219ecbd5c7f15154422f4",
        "type": "github"
      },
      "original": {
        "id": "nixpkgs",
        "type": "indirect"
      }
    },
    "root": {
      "inputs": {
        "nixpkgs": "nixpkgs",
        "vim-easyclip-src": "vim-easyclip-src",
        "vim-fine-cmdline-src": "vim-fine-cmdline-src",
        "vim-searchbox-src": "vim-searchbox-src"
      }
    },
    "vim-easyclip-src": {
      "flake": false,
      "locked": {
        "lastModified": 1550518062,
        "narHash": "sha256-KBHC95cswqsQinMze/nlI43WZkXMXrDuTfK3z4hHYPg=",
        "owner": "svermeulen",
        "repo": "vim-easyclip",
        "rev": "f1a3b95463402b30dd1e22dae7d0b6ea858db2df",
        "type": "github"
      },
      "original": {
        "owner": "svermeulen",
        "ref": "master",
        "repo": "vim-easyclip",
        "type": "github"
      }
    },
    "vim-fine-cmdline-src": {
      "flake": false,
      "locked": {
        "lastModified": 1655663744,
        "narHash": "sha256-CXNl5YEBxUZSu0tE9p0ch79mxXfzp4QIMfXXcRmIbzw=",
        "owner": "vonheikemen",
        "repo": "fine-cmdline.nvim",
        "rev": "bbd15518c72798b775a695b4801a0bd3ec45ba49",
        "type": "github"
      },
      "original": {
        "owner": "vonheikemen",
        "ref": "main",
        "repo": "fine-cmdline.nvim",
        "type": "github"
      }
    },
    "vim-searchbox-src": {
      "flake": false,
      "locked": {
        "lastModified": 1644524637,
        "narHash": "sha256-vxcqh2ExTUsye19c2jXoPMrbuYojzyz9Dq7UIrxhAdM=",
        "owner": "VonHeikemen",
        "repo": "searchbox.nvim",
        "rev": "bbb1c08a36d19517633430079ab0c61293e18b91",
        "type": "github"
      },
      "original": {
        "owner": "VonHeikemen",
        "ref": "main",
        "repo": "searchbox.nvim",
        "type": "github"
      }
    }
  },
  "root": "root",
  "version": 7
}
