{
  "nodes": {
    "nixpkgs": {
      "locked": {
        "lastModified": 1655034456,
        "narHash": "sha256-HXXyvGqZLa+2u8IPIRm/uNQiw+gBtTNu58YaXMJtKRc=",
        "owner": "NixOS",
        "repo": "nixpkgs",
        "rev": "72b1ec0a79b1fc50f6cc0694c2f0b1eb384a932e",
        "type": "github"
      },
      "original": {
        "id": "nixpkgs",
        "type": "indirect"
      }
    },
    "root": {
      "inputs": {
        "nixpkgs": "nixpkgs",
        "vim-easyclip-src": "vim-easyclip-src",
        "vim-fine-cmdline-src": "vim-fine-cmdline-src"
      }
    },
    "vim-easyclip-src": {
      "flake": false,
      "locked": {
        "lastModified": 1550518062,
        "narHash": "sha256-KBHC95cswqsQinMze/nlI43WZkXMXrDuTfK3z4hHYPg=",
        "owner": "svermeulen",
        "repo": "vim-easyclip",
        "rev": "f1a3b95463402b30dd1e22dae7d0b6ea858db2df",
        "type": "github"
      },
      "original": {
        "owner": "svermeulen",
        "ref": "master",
        "repo": "vim-easyclip",
        "type": "github"
      }
    },
    "vim-fine-cmdline-src": {
      "flake": false,
      "locked": {
        "lastModified": 1655663744,
        "narHash": "sha256-CXNl5YEBxUZSu0tE9p0ch79mxXfzp4QIMfXXcRmIbzw=",
        "owner": "vonheikemen",
        "repo": "fine-cmdline.nvim",
        "rev": "bbd15518c72798b775a695b4801a0bd3ec45ba49",
        "type": "github"
      },
      "original": {
        "owner": "vonheikemen",
        "ref": "main",
        "repo": "fine-cmdline.nvim",
        "type": "github"
      }
    }
  },
  "root": "root",
  "version": 7
}
